// !$*UTF8*$!
{
	archiveVersion = 1;
	classes = {
	};
	objectVersion = 46;
	objects = {

/* Begin PBXBuildFile section */
		EA34E0C619A2F73E005A2C1E /* AppDelegate.swift in Sources */ = {isa = PBXBuildFile; fileRef = EA34E0C519A2F73E005A2C1E /* AppDelegate.swift */; };
		EA34E0C819A2F73E005A2C1E /* ViewController.swift in Sources */ = {isa = PBXBuildFile; fileRef = EA34E0C719A2F73E005A2C1E /* ViewController.swift */; };
		EA34E0CB19A2F73E005A2C1E /* Main.storyboard in Resources */ = {isa = PBXBuildFile; fileRef = EA34E0C919A2F73E005A2C1E /* Main.storyboard */; };
		EA34E0CD19A2F73E005A2C1E /* Images.xcassets in Resources */ = {isa = PBXBuildFile; fileRef = EA34E0CC19A2F73E005A2C1E /* Images.xcassets */; };
		EA34E0D919A2F73E005A2C1E /* FileManagement_SwiftTests.swift in Sources */ = {isa = PBXBuildFile; fileRef = EA34E0D819A2F73E005A2C1E /* FileManagement_SwiftTests.swift */; };
/* End PBXBuildFile section */

/* Begin PBXContainerItemProxy section */
		EA34E0D319A2F73E005A2C1E /* PBXContainerItemProxy */ = {
			isa = PBXContainerItemProxy;
			containerPortal = EA34E0B819A2F73E005A2C1E /* Project object */;
			proxyType = 1;
			remoteGlobalIDString = EA34E0BF19A2F73E005A2C1E;
			remoteInfo = FileManagement_Swift;
		};
/* End PBXContainerItemProxy section */

/* Begin PBXFileReference section */
		EA34E0C019A2F73E005A2C1E /* FileManagement_Swift.app */ = {isa = PBXFileReference; explicitFileType = wrapper.application; includeInIndex = 0; path = FileManagement_Swift.app; sourceTree = BUILT_PRODUCTS_DIR; };
		EA34E0C419A2F73E005A2C1E /* Info.plist */ = {isa = PBXFileReference; lastKnownFileType = text.plist.xml; path = Info.plist; sourceTree = "<group>"; };
		EA34E0C519A2F73E005A2C1E /* AppDelegate.swift */ = {isa = PBXFileReference; lastKnownFileType = sourcecode.swift; path = AppDelegate.swift; sourceTree = "<group>"; };
		EA34E0C719A2F73E005A2C1E /* ViewController.swift */ = {isa = PBXFileReference; lastKnownFileType = sourcecode.swift; path = ViewController.swift; sourceTree = "<group>"; };
		EA34E0CA19A2F73E005A2C1E /* Base */ = {isa = PBXFileReference; lastKnownFileType = file.storyboard; name = Base; path = Base.lproj/Main.storyboard; sourceTree = "<group>"; };
		EA34E0CC19A2F73E005A2C1E /* Images.xcassets */ = {isa = PBXFileReference; lastKnownFileType = folder.assetcatalog; path = Images.xcassets; sourceTree = "<group>"; };
		EA34E0D219A2F73E005A2C1E /* FileManagement_SwiftTests.xctest */ = {isa = PBXFileReference; explicitFileType = wrapper.cfbundle; includeInIndex = 0; path = FileManagement_SwiftTests.xctest; sourceTree = BUILT_PRODUCTS_DIR; };
		EA34E0D719A2F73E005A2C1E /* Info.plist */ = {isa = PBXFileReference; lastKnownFileType = text.plist.xml; path = Info.plist; sourceTree = "<group>"; };
		EA34E0D819A2F73E005A2C1E /* FileManagement_SwiftTests.swift */ = {isa = PBXFileReference; lastKnownFileType = sourcecode.swift; path = FileManagement_SwiftTests.swift; sourceTree = "<group>"; };
/* End PBXFileReference section */

/* Begin PBXFrameworksBuildPhase section */
		EA34E0BD19A2F73E005A2C1E /* Frameworks */ = {
			isa = PBXFrameworksBuildPhase;
			buildActionMask = 2147483647;
			files = (
			);
			runOnlyForDeploymentPostprocessing = 0;
		};
		EA34E0CF19A2F73E005A2C1E /* Frameworks */ = {
			isa = PBXFrameworksBuildPhase;
			buildActionMask = 2147483647;
			files = (
			);
			runOnlyForDeploymentPostprocessing = 0;
		};
/* End PBXFrameworksBuildPhase section */

/* Begin PBXGroup section */
		EA34E0B719A2F73E005A2C1E = {
			isa = PBXGroup;
			children = (
				EA34E0C219A2F73E005A2C1E /* FileManagement_Swift */,
				EA34E0D519A2F73E005A2C1E /* FileManagement_SwiftTests */,
				EA34E0C119A2F73E005A2C1E /* Products */,
			);
			sourceTree = "<group>";
		};
		EA34E0C119A2F73E005A2C1E /* Products */ = {
			isa = PBXGroup;
			children = (
				EA34E0C019A2F73E005A2C1E /* FileManagement_Swift.app */,
				EA34E0D219A2F73E005A2C1E /* FileManagement_SwiftTests.xctest */,
			);
			name = Products;
			sourceTree = "<group>";
		};
		EA34E0C219A2F73E005A2C1E /* FileManagement_Swift */ = {
			isa = PBXGroup;
			children = (
				EA34E0C519A2F73E005A2C1E /* AppDelegate.swift */,
				EA34E0C719A2F73E005A2C1E /* ViewController.swift */,
				EA34E0C919A2F73E005A2C1E /* Main.storyboard */,
				EA34E0CC19A2F73E005A2C1E /* Images.xcassets */,
				EA34E0C319A2F73E005A2C1E /* Supporting Files */,
			);
			path = FileManagement_Swift;
			sourceTree = "<group>";
		};
		EA34E0C319A2F73E005A2C1E /* Supporting Files */ = {
			isa = PBXGroup;
			children = (
				EA34E0C419A2F73E005A2C1E /* Info.plist */,
			);
			name = "Supporting Files";
			sourceTree = "<group>";
		};
		EA34E0D519A2F73E005A2C1E /* FileManagement_SwiftTests */ = {
			isa = PBXGroup;
			children = (
				EA34E0D819A2F73E005A2C1E /* FileManagement_SwiftTests.swift */,
				EA34E0D619A2F73E005A2C1E /* Supporting Files */,
			);
			path = FileManagement_SwiftTests;
			sourceTree = "<group>";
		};
		EA34E0D619A2F73E005A2C1E /* Supporting Files */ = {
			isa = PBXGroup;
			children = (
				EA34E0D719A2F73E005A2C1E /* Info.plist */,
			);
			name = "Supporting Files";
			sourceTree = "<group>";
		};
/* End PBXGroup section */

/* Begin PBXNativeTarget section */
		EA34E0BF19A2F73E005A2C1E /* FileManagement_Swift */ = {
			isa = PBXNativeTarget;
			buildConfigurationList = EA34E0DC19A2F73E005A2C1E /* Build configuration list for PBXNativeTarget "FileManagement_Swift" */;
			buildPhases = (
				EA34E0BC19A2F73E005A2C1E /* Sources */,
				EA34E0BD19A2F73E005A2C1E /* Frameworks */,
				EA34E0BE19A2F73E005A2C1E /* Resources */,
			);
			buildRules = (
			);
			dependencies = (
			);
			name = FileManagement_Swift;
			productName = FileManagement_Swift;
			productReference = EA34E0C019A2F73E005A2C1E /* FileManagement_Swift.app */;
			productType = "com.apple.product-type.application";
		};
		EA34E0D119A2F73E005A2C1E /* FileManagement_SwiftTests */ = {
			isa = PBXNativeTarget;
			buildConfigurationList = EA34E0DF19A2F73E005A2C1E /* Build configuration list for PBXNativeTarget "FileManagement_SwiftTests" */;
			buildPhases = (
				EA34E0CE19A2F73E005A2C1E /* Sources */,
				EA34E0CF19A2F73E005A2C1E /* Frameworks */,
				EA34E0D019A2F73E005A2C1E /* Resources */,
			);
			buildRules = (
			);
			dependencies = (
				EA34E0D419A2F73E005A2C1E /* PBXTargetDependency */,
			);
			name = FileManagement_SwiftTests;
			productName = FileManagement_SwiftTests;
			productReference = EA34E0D219A2F73E005A2C1E /* FileManagement_SwiftTests.xctest */;
			productType = "com.apple.product-type.bundle.unit-test";
		};
/* End PBXNativeTarget section */

/* Begin PBXProject section */
		EA34E0B819A2F73E005A2C1E /* Project object */ = {
			isa = PBXProject;
			attributes = {
				LastUpgradeCheck = 0600;
				ORGANIZATIONNAME = "TheAppGuruz-New-6";
				TargetAttributes = {
					EA34E0BF19A2F73E005A2C1E = {
						CreatedOnToolsVersion = 6.0;
					};
					EA34E0D119A2F73E005A2C1E = {
						CreatedOnToolsVersion = 6.0;
						TestTargetID = EA34E0BF19A2F73E005A2C1E;
					};
				};
			};
			buildConfigurationList = EA34E0BB19A2F73E005A2C1E /* Build configuration list for PBXProject "FileManagement_Swift" */;
			compatibilityVersion = "Xcode 3.2";
			developmentRegion = English;
			hasScannedForEncodings = 0;
			knownRegions = (
				en,
				Base,
			);
			mainGroup = EA34E0B719A2F73E005A2C1E;
			productRefGroup = EA34E0C119A2F73E005A2C1E /* Products */;
			projectDirPath = "";
			projectRoot = "";
			targets = (
				EA34E0BF19A2F73E005A2C1E /* FileManagement_Swift */,
				EA34E0D119A2F73E005A2C1E /* FileManagement_SwiftTests */,
			);
		};
/* End PBXProject section */

/* Begin PBXResourcesBuildPhase section */
		EA34E0BE19A2F73E005A2C1E /* Resources */ = {
			isa = PBXResourcesBuildPhase;
			buildActionMask = 2147483647;
			files = (
				EA34E0CB19A2F73E005A2C1E /* Main.storyboard in Resources */,
				EA34E0CD19A2F73E005A2C1E /* Images.xcassets in Resources */,
			);
			runOnlyForDeploymentPostprocessing = 0;
		};
		EA34E0D019A2F73E005A2C1E /* Resources */ = {
			isa = PBXResourcesBuildPhase;
			buildActionMask = 2147483647;
			files = (
			);
			runOnlyForDeploymentPostprocessing = 0;
		};
/* End PBXResourcesBuildPhase section */

/* Begin PBXSourcesBuildPhase section */
		EA34E0BC19A2F73E005A2C1E /* Sources */ = {
			isa = PBXSourcesBuildPhase;
			buildActionMask = 2147483647;
			files = (
				EA34E0C819A2F73E005A2C1E /* ViewController.swift in Sources */,
				EA34E0C619A2F73E005A2C1E /* AppDelegate.swift in Sources */,
			);
			runOnlyForDeploymentPostprocessing = 0;
		};
		EA34E0CE19A2F73E005A2C1E /* Sources */ = {
			isa = PBXSourcesBuildPhase;
			buildActionMask = 2147483647;
			files = (
				EA34E0D919A2F73E005A2C1E /* FileManagement_SwiftTests.swift in Sources */,
			);
			runOnlyForDeploymentPostprocessing = 0;
		};
/* End PBXSourcesBuildPhase section */

/* Begin PBXTargetDependency section */
		EA34E0D419A2F73E005A2C1E /* PBXTargetDependency */ = {
			isa = PBXTargetDependency;
			target = EA34E0BF19A2F73E005A2C1E /* FileManagement_Swift */;
			targetProxy = EA34E0D319A2F73E005A2C1E /* PBXContainerItemProxy */;
		};
/* End PBXTargetDependency section */

/* Begin PBXVariantGroup section */
		EA34E0C919A2F73E005A2C1E /* Main.storyboard */ = {
			isa = PBXVariantGroup;
			children = (
				EA34E0CA19A2F73E005A2C1E /* Base */,
			);
			name = Main.storyboard;
			sourceTree = "<group>";
		};
/* End PBXVariantGroup section */

/* Begin XCBuildConfiguration section */
		EA34E0DA19A2F73E005A2C1E /* Debug */ = {
			isa = XCBuildConfiguration;
			buildSettings = {
				ALWAYS_SEARCH_USER_PATHS = NO;
				CLANG_CXX_LANGUAGE_STANDARD = "gnu++0x";
				CLANG_CXX_LIBRARY = "libc++";
				CLANG_ENABLE_MODULES = YES;
				CLANG_ENABLE_OBJC_ARC = YES;
				CLANG_WARN_BOOL_CONVERSION = YES;
				CLANG_WARN_CONSTANT_CONVERSION = YES;
				CLANG_WARN_DIRECT_OBJC_ISA_USAGE = YES_ERROR;
				CLANG_WARN_EMPTY_BODY = YES;
				CLANG_WARN_ENUM_CONVERSION = YES;
				CLANG_WARN_INT_CONVERSION = YES;
				CLANG_WARN_OBJC_ROOT_CLASS = YES_ERROR;
				CLANG_WARN_UNREACHABLE_CODE = YES;
				CLANG_WARN__DUPLICATE_METHOD_MATCH = YES;
				"CODE_SIGN_IDENTITY[sdk=iphoneos*]" = "iPhone Developer";
				COPY_PHASE_STRIP = NO;
				ENABLE_STRICT_OBJC_MSGSEND = YES;
				GCC_C_LANGUAGE_STANDARD = gnu99;
				GCC_DYNAMIC_NO_PIC = NO;
				GCC_OPTIMIZATION_LEVEL = 0;
				GCC_PREPROCESSOR_DEFINITIONS = (
					"DEBUG=1",
					"$(inherited)",
				);
				GCC_SYMBOLS_PRIVATE_EXTERN = NO;
				GCC_WARN_64_TO_32_BIT_CONVERSION = YES;
				GCC_WARN_ABOUT_RETURN_TYPE = YES_ERROR;
				GCC_WARN_UNDECLARED_SELECTOR = YES;
				GCC_WARN_UNINITIALIZED_AUTOS = YES_AGGRESSIVE;
				GCC_WARN_UNUSED_FUNCTION = YES;
				GCC_WARN_UNUSED_VARIABLE = YES;
				IPHONEOS_DEPLOYMENT_TARGET = 8.0;
				MTL_ENABLE_DEBUG_INFO = YES;
				ONLY_ACTIVE_ARCH = YES;
				SDKROOT = iphoneos;
				SWIFT_OPTIMIZATION_LEVEL = "-Onone";
				TARGETED_DEVICE_FAMILY = "1,2";
			};
			name = Debug;
		};
		EA34E0DB19A2F73E005A2C1E /* Release */ = {
			isa = XCBuildConfiguration;
			buildSettings = {
				ALWAYS_SEARCH_USER_PATHS = NO;
				CLANG_CXX_LANGUAGE_STANDARD = "gnu++0x";
				CLANG_CXX_LIBRARY = "libc++";
				CLANG_ENABLE_MODULES = YES;
				CLANG_ENABLE_OBJC_ARC = YES;
				CLANG_WARN_BOOL_CONVERSION = YES;
				CLANG_WARN_CONSTANT_CONVERSION = YES;
				CLANG_WARN_DIRECT_OBJC_ISA_USAGE = YES_ERROR;
				CLANG_WARN_EMPTY_BODY = YES;
				CLANG_WARN_ENUM_CONVERSION = YES;
				CLANG_WARN_INT_CONVERSION = YES;
				CLANG_WARN_OBJC_ROOT_CLASS = YES_ERROR;
				CLANG_WARN_UNREACHABLE_CODE = YES;
				CLANG_WARN__DUPLICATE_METHOD_MATCH = YES;
				"CODE_SIGN_IDENTITY[sdk=iphoneos*]" = "iPhone Developer";
				COPY_PHASE_STRIP = YES;
				ENABLE_NS_ASSERTIONS = NO;
				ENABLE_STRICT_OBJC_MSGSEND = YES;
				GCC_C_LANGUAGE_STANDARD = gnu99;
				GCC_WARN_64_TO_32_BIT_CONVERSION = YES;
				GCC_WARN_ABOUT_RETURN_TYPE = YES_ERROR;
				GCC_WARN_UNDECLARED_SELECTOR = YES;
				GCC_WARN_UNINITIALIZED_AUTOS = YES_AGGRESSIVE;
				GCC_WARN_UNUSED_FUNCTION = YES;
				GCC_WARN_UNUSED_VARIABLE = YES;
				IPHONEOS_DEPLOYMENT_TARGET = 8.0;
				MTL_ENABLE_DEBUG_INFO = NO;
				SDKROOT = iphoneos;
				TARGETED_DEVICE_FAMILY = "1,2";
				VALIDATE_PRODUCT = YES;
			};
			name = Release;
		};
		EA34E0DD19A2F73E005A2C1E /* Debug */ = {
			isa = XCBuildConfiguration;
			buildSettings = {
				ASSETCATALOG_COMPILER_APPICON_NAME = AppIcon;
				ASSETCATALOG_COMPILER_LAUNCHIMAGE_NAME = LaunchImage;
				INFOPLIST_FILE = FileManagement_Swift/Info.plist;
				LD_RUNPATH_SEARCH_PATHS = "$(inherited) @executable_path/Frameworks";
				PRODUCT_NAME = "$(TARGET_NAME)";
			};
			name = Debug;
		};
		EA34E0DE19A2F73E005A2C1E /* Release */ = {
			isa = XCBuildConfiguration;
			buildSettings = {
				ASSETCATALOG_COMPILER_APPICON_NAME = AppIcon;
				ASSETCATALOG_COMPILER_LAUNCHIMAGE_NAME = LaunchImage;
				INFOPLIST_FILE = FileManagement_Swift/Info.plist;
				LD_RUNPATH_SEARCH_PATHS = "$(inherited) @executable_path/Frameworks";
				PRODUCT_NAME = "$(TARGET_NAME)";
			};
			name = Release;
		};
		EA34E0E019A2F73E005A2C1E /* Debug */ = {
			isa = XCBuildConfiguration;
			buildSettings = {
				BUNDLE_LOADER = "$(BUILT_PRODUCTS_DIR)/FileManagement_Swift.app/FileManagement_Swift";
				FRAMEWORK_SEARCH_PATHS = (
					"$(SDKROOT)/Developer/Library/Frameworks",
					"$(inherited)",
				);
				GCC_PREPROCESSOR_DEFINITIONS = (
					"DEBUG=1",
					"$(inherited)",
				);
				INFOPLIST_FILE = FileManagement_SwiftTests/Info.plist;
				LD_RUNPATH_SEARCH_PATHS = "$(inherited) @executable_path/Frameworks @loader_path/Frameworks";
				PRODUCT_NAME = "$(TARGET_NAME)";
				TEST_HOST = "$(BUNDLE_LOADER)";
			};
			name = Debug;
		};
		EA34E0E119A2F73E005A2C1E /* Release */ = {
			isa = XCBuildConfiguration;
			buildSettings = {
				BUNDLE_LOADER = "$(BUILT_PRODUCTS_DIR)/FileManagement_Swift.app/FileManagement_Swift";
				FRAMEWORK_SEARCH_PATHS = (
					"$(SDKROOT)/Developer/Library/Frameworks",
					"$(inherited)",
				);
				INFOPLIST_FILE = FileManagement_SwiftTests/Info.plist;
				LD_RUNPATH_SEARCH_PATHS = "$(inherited) @executable_path/Frameworks @loader_path/Frameworks";
				PRODUCT_NAME = "$(TARGET_NAME)";
				TEST_HOST = "$(BUNDLE_LOADER)";
			};
			name = Release;
		};
/* End XCBuildConfiguration section */

/* Begin XCConfigurationList section */
		EA34E0BB19A2F73E005A2C1E /* Build configuration list for PBXProject "FileManagement_Swift" */ = {
			isa = XCConfigurationList;
			buildConfigurations = (
				EA34E0DA19A2F73E005A2C1E /* Debug */,
				EA34E0DB19A2F73E005A2C1E /* Release */,
			);
			defaultConfigurationIsVisible = 0;
			defaultConfigurationName = Release;
		};
		EA34E0DC19A2F73E005A2C1E /* Build configuration list for PBXNativeTarget "FileManagement_Swift" */ = {
			isa = XCConfigurationList;
			buildConfigurations = (
				EA34E0DD19A2F73E005A2C1E /* Debug */,
				EA34E0DE19A2F73E005A2C1E /* Release */,
			);
			defaultConfigurationIsVisible = 0;
		};
		EA34E0DF19A2F73E005A2C1E /* Build configuration list for PBXNativeTarget "FileManagement_SwiftTests" */ = {
			isa = XCConfigurationList;
			buildConfigurations = (
				EA34E0E019A2F73E005A2C1E /* Debug */,
				EA34E0E119A2F73E005A2C1E /* Release */,
			);
			defaultConfigurationIsVisible = 0;
		};
/* End XCConfigurationList section */
	};
	rootObject = EA34E0B819A2F73E005A2C1E /* Project object */;
}
